{
  "name": "widget-elements",
  "version": "1.0.0",
  "lockfileVersion": 1,
  "requires": true,
  "dependencies": {
    "@angular/elements": {
      "version": "9.1.12",
      "resolved": "https://registry.npmjs.org/@angular/elements/-/elements-9.1.12.tgz",
      "integrity": "sha512-0zjGlx2HxRWr4BiGfS9lY0i/MDfe2u3evn37svmTw72UmLsfaAR7XBa+5W2chgPCb5/1LyQAY/h02tsUEFlvYA=="
    }
  }
}
